// !$*UTF8*$!
{
	archiveVersion = 1;
	classes = {
	};
	objectVersion = 48;
	objects = {

/* Begin PBXBuildFile section */
		ACBF46C82093F5FC00317D54 /* AppDelegate.swift in Sources */ = {isa = PBXBuildFile; fileRef = ACBF46C72093F5FC00317D54 /* AppDelegate.swift */; };
		ACBF46CA2093F5FC00317D54 /* ViewController.swift in Sources */ = {isa = PBXBuildFile; fileRef = ACBF46C92093F5FC00317D54 /* ViewController.swift */; };
		ACBF46CD2093F5FC00317D54 /* Main.storyboard in Resources */ = {isa = PBXBuildFile; fileRef = ACBF46CB2093F5FC00317D54 /* Main.storyboard */; };
		ACBF46CF2093F5FC00317D54 /* Assets.xcassets in Resources */ = {isa = PBXBuildFile; fileRef = ACBF46CE2093F5FC00317D54 /* Assets.xcassets */; };
		ACBF46D22093F5FC00317D54 /* LaunchScreen.storyboard in Resources */ = {isa = PBXBuildFile; fileRef = ACBF46D02093F5FC00317D54 /* LaunchScreen.storyboard */; };
		ACBF46DD2093F5FC00317D54 /* EstudosTests.swift in Sources */ = {isa = PBXBuildFile; fileRef = ACBF46DC2093F5FC00317D54 /* EstudosTests.swift */; };
		ACBF46E82093F5FD00317D54 /* EstudosUITests.swift in Sources */ = {isa = PBXBuildFile; fileRef = ACBF46E72093F5FD00317D54 /* EstudosUITests.swift */; };
		ACBF46F62093FB3300317D54 /* LotteryViewController.swift in Sources */ = {isa = PBXBuildFile; fileRef = ACBF46F52093FB3300317D54 /* LotteryViewController.swift */; };
/* End PBXBuildFile section */

/* Begin PBXContainerItemProxy section */
		ACBF46D92093F5FC00317D54 /* PBXContainerItemProxy */ = {
			isa = PBXContainerItemProxy;
			containerPortal = ACBF46BC2093F5FC00317D54 /* Project object */;
			proxyType = 1;
			remoteGlobalIDString = ACBF46C32093F5FC00317D54;
			remoteInfo = Estudos;
		};
		ACBF46E42093F5FD00317D54 /* PBXContainerItemProxy */ = {
			isa = PBXContainerItemProxy;
			containerPortal = ACBF46BC2093F5FC00317D54 /* Project object */;
			proxyType = 1;
			remoteGlobalIDString = ACBF46C32093F5FC00317D54;
			remoteInfo = Estudos;
		};
/* End PBXContainerItemProxy section */

/* Begin PBXFileReference section */
		ACBF46C42093F5FC00317D54 /* Estudos.app */ = {isa = PBXFileReference; explicitFileType = wrapper.application; includeInIndex = 0; path = Estudos.app; sourceTree = BUILT_PRODUCTS_DIR; };
		ACBF46C72093F5FC00317D54 /* AppDelegate.swift */ = {isa = PBXFileReference; lastKnownFileType = sourcecode.swift; path = AppDelegate.swift; sourceTree = "<group>"; };
		ACBF46C92093F5FC00317D54 /* ViewController.swift */ = {isa = PBXFileReference; lastKnownFileType = sourcecode.swift; path = ViewController.swift; sourceTree = "<group>"; };
		ACBF46CC2093F5FC00317D54 /* Base */ = {isa = PBXFileReference; lastKnownFileType = file.storyboard; name = Base; path = Base.lproj/Main.storyboard; sourceTree = "<group>"; };
		ACBF46CE2093F5FC00317D54 /* Assets.xcassets */ = {isa = PBXFileReference; lastKnownFileType = folder.assetcatalog; path = Assets.xcassets; sourceTree = "<group>"; };
		ACBF46D12093F5FC00317D54 /* Base */ = {isa = PBXFileReference; lastKnownFileType = file.storyboard; name = Base; path = Base.lproj/LaunchScreen.storyboard; sourceTree = "<group>"; };
		ACBF46D32093F5FC00317D54 /* Info.plist */ = {isa = PBXFileReference; lastKnownFileType = text.plist.xml; path = Info.plist; sourceTree = "<group>"; };
		ACBF46D82093F5FC00317D54 /* EstudosTests.xctest */ = {isa = PBXFileReference; explicitFileType = wrapper.cfbundle; includeInIndex = 0; path = EstudosTests.xctest; sourceTree = BUILT_PRODUCTS_DIR; };
		ACBF46DC2093F5FC00317D54 /* EstudosTests.swift */ = {isa = PBXFileReference; lastKnownFileType = sourcecode.swift; path = EstudosTests.swift; sourceTree = "<group>"; };
		ACBF46DE2093F5FD00317D54 /* Info.plist */ = {isa = PBXFileReference; lastKnownFileType = text.plist.xml; path = Info.plist; sourceTree = "<group>"; };
		ACBF46E32093F5FD00317D54 /* EstudosUITests.xctest */ = {isa = PBXFileReference; explicitFileType = wrapper.cfbundle; includeInIndex = 0; path = EstudosUITests.xctest; sourceTree = BUILT_PRODUCTS_DIR; };
		ACBF46E72093F5FD00317D54 /* EstudosUITests.swift */ = {isa = PBXFileReference; lastKnownFileType = sourcecode.swift; path = EstudosUITests.swift; sourceTree = "<group>"; };
		ACBF46E92093F5FD00317D54 /* Info.plist */ = {isa = PBXFileReference; lastKnownFileType = text.plist.xml; path = Info.plist; sourceTree = "<group>"; };
		ACBF46F52093FB3300317D54 /* LotteryViewController.swift */ = {isa = PBXFileReference; lastKnownFileType = sourcecode.swift; path = LotteryViewController.swift; sourceTree = "<group>"; };
/* End PBXFileReference section */

/* Begin PBXFrameworksBuildPhase section */
		ACBF46C12093F5FC00317D54 /* Frameworks */ = {
			isa = PBXFrameworksBuildPhase;
			buildActionMask = 2147483647;
			files = (
			);
			runOnlyForDeploymentPostprocessing = 0;
		};
		ACBF46D52093F5FC00317D54 /* Frameworks */ = {
			isa = PBXFrameworksBuildPhase;
			buildActionMask = 2147483647;
			files = (
			);
			runOnlyForDeploymentPostprocessing = 0;
		};
		ACBF46E02093F5FD00317D54 /* Frameworks */ = {
			isa = PBXFrameworksBuildPhase;
			buildActionMask = 2147483647;
			files = (
			);
			runOnlyForDeploymentPostprocessing = 0;
		};
/* End PBXFrameworksBuildPhase section */

/* Begin PBXGroup section */
		ACBF46BB2093F5FC00317D54 = {
			isa = PBXGroup;
			children = (
				ACBF46C62093F5FC00317D54 /* Estudos */,
				ACBF46DB2093F5FC00317D54 /* EstudosTests */,
				ACBF46E62093F5FD00317D54 /* EstudosUITests */,
				ACBF46C52093F5FC00317D54 /* Products */,
			);
			sourceTree = "<group>";
		};
		ACBF46C52093F5FC00317D54 /* Products */ = {
			isa = PBXGroup;
			children = (
				ACBF46C42093F5FC00317D54 /* Estudos.app */,
				ACBF46D82093F5FC00317D54 /* EstudosTests.xctest */,
				ACBF46E32093F5FD00317D54 /* EstudosUITests.xctest */,
			);
			name = Products;
			sourceTree = "<group>";
		};
		ACBF46C62093F5FC00317D54 /* Estudos */ = {
			isa = PBXGroup;
			children = (
				ACBF46C72093F5FC00317D54 /* AppDelegate.swift */,
				ACBF46C92093F5FC00317D54 /* ViewController.swift */,
				ACBF46CB2093F5FC00317D54 /* Main.storyboard */,
				ACBF46F52093FB3300317D54 /* LotteryViewController.swift */,
				ACBF46CE2093F5FC00317D54 /* Assets.xcassets */,
				ACBF46D02093F5FC00317D54 /* LaunchScreen.storyboard */,
				ACBF46D32093F5FC00317D54 /* Info.plist */,
			);
			path = Estudos;
			sourceTree = "<group>";
		};
		ACBF46DB2093F5FC00317D54 /* EstudosTests */ = {
			isa = PBXGroup;
			children = (
				ACBF46DC2093F5FC00317D54 /* EstudosTests.swift */,
				ACBF46DE2093F5FD00317D54 /* Info.plist */,
			);
			path = EstudosTests;
			sourceTree = "<group>";
		};
		ACBF46E62093F5FD00317D54 /* EstudosUITests */ = {
			isa = PBXGroup;
			children = (
				ACBF46E72093F5FD00317D54 /* EstudosUITests.swift */,
				ACBF46E92093F5FD00317D54 /* Info.plist */,
			);
			path = EstudosUITests;
			sourceTree = "<group>";
		};
/* End PBXGroup section */

/* Begin PBXNativeTarget section */
		ACBF46C32093F5FC00317D54 /* Estudos */ = {
			isa = PBXNativeTarget;
			buildConfigurationList = ACBF46EC2093F5FD00317D54 /* Build configuration list for PBXNativeTarget "Estudos" */;
			buildPhases = (
				ACBF46C02093F5FC00317D54 /* Sources */,
				ACBF46C12093F5FC00317D54 /* Frameworks */,
				ACBF46C22093F5FC00317D54 /* Resources */,
			);
			buildRules = (
			);
			dependencies = (
			);
			name = Estudos;
			productName = Estudos;
			productReference = ACBF46C42093F5FC00317D54 /* Estudos.app */;
			productType = "com.apple.product-type.application";
		};
		ACBF46D72093F5FC00317D54 /* EstudosTests */ = {
			isa = PBXNativeTarget;
			buildConfigurationList = ACBF46EF2093F5FD00317D54 /* Build configuration list for PBXNativeTarget "EstudosTests" */;
			buildPhases = (
				ACBF46D42093F5FC00317D54 /* Sources */,
				ACBF46D52093F5FC00317D54 /* Frameworks */,
				ACBF46D62093F5FC00317D54 /* Resources */,
			);
			buildRules = (
			);
			dependencies = (
				ACBF46DA2093F5FC00317D54 /* PBXTargetDependency */,
			);
			name = EstudosTests;
			productName = EstudosTests;
			productReference = ACBF46D82093F5FC00317D54 /* EstudosTests.xctest */;
			productType = "com.apple.product-type.bundle.unit-test";
		};
		ACBF46E22093F5FD00317D54 /* EstudosUITests */ = {
			isa = PBXNativeTarget;
			buildConfigurationList = ACBF46F22093F5FD00317D54 /* Build configuration list for PBXNativeTarget "EstudosUITests" */;
			buildPhases = (
				ACBF46DF2093F5FD00317D54 /* Sources */,
				ACBF46E02093F5FD00317D54 /* Frameworks */,
				ACBF46E12093F5FD00317D54 /* Resources */,
			);
			buildRules = (
			);
			dependencies = (
				ACBF46E52093F5FD00317D54 /* PBXTargetDependency */,
			);
			name = EstudosUITests;
			productName = EstudosUITests;
			productReference = ACBF46E32093F5FD00317D54 /* EstudosUITests.xctest */;
			productType = "com.apple.product-type.bundle.ui-testing";
		};
/* End PBXNativeTarget section */

/* Begin PBXProject section */
		ACBF46BC2093F5FC00317D54 /* Project object */ = {
			isa = PBXProject;
			attributes = {
				LastSwiftUpdateCheck = 0920;
				LastUpgradeCheck = 0920;
				ORGANIZATIONNAME = FIAP;
				TargetAttributes = {
					ACBF46C32093F5FC00317D54 = {
						CreatedOnToolsVersion = 9.2;
						ProvisioningStyle = Automatic;
					};
					ACBF46D72093F5FC00317D54 = {
						CreatedOnToolsVersion = 9.2;
						ProvisioningStyle = Automatic;
						TestTargetID = ACBF46C32093F5FC00317D54;
					};
					ACBF46E22093F5FD00317D54 = {
						CreatedOnToolsVersion = 9.2;
						ProvisioningStyle = Automatic;
						TestTargetID = ACBF46C32093F5FC00317D54;
					};
				};
			};
			buildConfigurationList = ACBF46BF2093F5FC00317D54 /* Build configuration list for PBXProject "Estudos" */;
			compatibilityVersion = "Xcode 8.0";
			developmentRegion = en;
			hasScannedForEncodings = 0;
			knownRegions = (
				en,
				Base,
			);
			mainGroup = ACBF46BB2093F5FC00317D54;
			productRefGroup = ACBF46C52093F5FC00317D54 /* Products */;
			projectDirPath = "";
			projectRoot = "";
			targets = (
				ACBF46C32093F5FC00317D54 /* Estudos */,
				ACBF46D72093F5FC00317D54 /* EstudosTests */,
				ACBF46E22093F5FD00317D54 /* EstudosUITests */,
			);
		};
/* End PBXProject section */

/* Begin PBXResourcesBuildPhase section */
		ACBF46C22093F5FC00317D54 /* Resources */ = {
			isa = PBXResourcesBuildPhase;
			buildActionMask = 2147483647;
			files = (
				ACBF46D22093F5FC00317D54 /* LaunchScreen.storyboard in Resources */,
				ACBF46CF2093F5FC00317D54 /* Assets.xcassets in Resources */,
				ACBF46CD2093F5FC00317D54 /* Main.storyboard in Resources */,
			);
			runOnlyForDeploymentPostprocessing = 0;
		};
		ACBF46D62093F5FC00317D54 /* Resources */ = {
			isa = PBXResourcesBuildPhase;
			buildActionMask = 2147483647;
			files = (
			);
			runOnlyForDeploymentPostprocessing = 0;
		};
		ACBF46E12093F5FD00317D54 /* Resources */ = {
			isa = PBXResourcesBuildPhase;
			buildActionMask = 2147483647;
			files = (
			);
			runOnlyForDeploymentPostprocessing = 0;
		};
/* End PBXResourcesBuildPhase section */

/* Begin PBXSourcesBuildPhase section */
		ACBF46C02093F5FC00317D54 /* Sources */ = {
			isa = PBXSourcesBuildPhase;
			buildActionMask = 2147483647;
			files = (
				ACBF46CA2093F5FC00317D54 /* ViewController.swift in Sources */,
				ACBF46F62093FB3300317D54 /* LotteryViewController.swift in Sources */,
				ACBF46C82093F5FC00317D54 /* AppDelegate.swift in Sources */,
			);
			runOnlyForDeploymentPostprocessing = 0;
		};
		ACBF46D42093F5FC00317D54 /* Sources */ = {
			isa = PBXSourcesBuildPhase;
			buildActionMask = 2147483647;
			files = (
				ACBF46DD2093F5FC00317D54 /* EstudosTests.swift in Sources */,
			);
			runOnlyForDeploymentPostprocessing = 0;
		};
		ACBF46DF2093F5FD00317D54 /* Sources */ = {
			isa = PBXSourcesBuildPhase;
			buildActionMask = 2147483647;
			files = (
				ACBF46E82093F5FD00317D54 /* EstudosUITests.swift in Sources */,
			);
			runOnlyForDeploymentPostprocessing = 0;
		};
/* End PBXSourcesBuildPhase section */

/* Begin PBXTargetDependency section */
		ACBF46DA2093F5FC00317D54 /* PBXTargetDependency */ = {
			isa = PBXTargetDependency;
			target = ACBF46C32093F5FC00317D54 /* Estudos */;
			targetProxy = ACBF46D92093F5FC00317D54 /* PBXContainerItemProxy */;
		};
		ACBF46E52093F5FD00317D54 /* PBXTargetDependency */ = {
			isa = PBXTargetDependency;
			target = ACBF46C32093F5FC00317D54 /* Estudos */;
			targetProxy = ACBF46E42093F5FD00317D54 /* PBXContainerItemProxy */;
		};
/* End PBXTargetDependency section */

/* Begin PBXVariantGroup section */
		ACBF46CB2093F5FC00317D54 /* Main.storyboard */ = {
			isa = PBXVariantGroup;
			children = (
				ACBF46CC2093F5FC00317D54 /* Base */,
			);
			name = Main.storyboard;
			sourceTree = "<group>";
		};
		ACBF46D02093F5FC00317D54 /* LaunchScreen.storyboard */ = {
			isa = PBXVariantGroup;
			children = (
				ACBF46D12093F5FC00317D54 /* Base */,
			);
			name = LaunchScreen.storyboard;
			sourceTree = "<group>";
		};
/* End PBXVariantGroup section */

/* Begin XCBuildConfiguration section */
		ACBF46EA2093F5FD00317D54 /* Debug */ = {
			isa = XCBuildConfiguration;
			buildSettings = {
				ALWAYS_SEARCH_USER_PATHS = NO;
				CLANG_ANALYZER_NONNULL = YES;
				CLANG_ANALYZER_NUMBER_OBJECT_CONVERSION = YES_AGGRESSIVE;
				CLANG_CXX_LANGUAGE_STANDARD = "gnu++14";
				CLANG_CXX_LIBRARY = "libc++";
				CLANG_ENABLE_MODULES = YES;
				CLANG_ENABLE_OBJC_ARC = YES;
				CLANG_WARN_BLOCK_CAPTURE_AUTORELEASING = YES;
				CLANG_WARN_BOOL_CONVERSION = YES;
				CLANG_WARN_COMMA = YES;
				CLANG_WARN_CONSTANT_CONVERSION = YES;
				CLANG_WARN_DIRECT_OBJC_ISA_USAGE = YES_ERROR;
				CLANG_WARN_DOCUMENTATION_COMMENTS = YES;
				CLANG_WARN_EMPTY_BODY = YES;
				CLANG_WARN_ENUM_CONVERSION = YES;
				CLANG_WARN_INFINITE_RECURSION = YES;
				CLANG_WARN_INT_CONVERSION = YES;
				CLANG_WARN_NON_LITERAL_NULL_CONVERSION = YES;
				CLANG_WARN_OBJC_LITERAL_CONVERSION = YES;
				CLANG_WARN_OBJC_ROOT_CLASS = YES_ERROR;
				CLANG_WARN_RANGE_LOOP_ANALYSIS = YES;
				CLANG_WARN_STRICT_PROTOTYPES = YES;
				CLANG_WARN_SUSPICIOUS_MOVE = YES;
				CLANG_WARN_UNGUARDED_AVAILABILITY = YES_AGGRESSIVE;
				CLANG_WARN_UNREACHABLE_CODE = YES;
				CLANG_WARN__DUPLICATE_METHOD_MATCH = YES;
				CODE_SIGN_IDENTITY = "iPhone Developer";
				COPY_PHASE_STRIP = NO;
				DEBUG_INFORMATION_FORMAT = dwarf;
				ENABLE_STRICT_OBJC_MSGSEND = YES;
				ENABLE_TESTABILITY = YES;
				GCC_C_LANGUAGE_STANDARD = gnu11;
				GCC_DYNAMIC_NO_PIC = NO;
				GCC_NO_COMMON_BLOCKS = YES;
				GCC_OPTIMIZATION_LEVEL = 0;
				GCC_PREPROCESSOR_DEFINITIONS = (
					"DEBUG=1",
					"$(inherited)",
				);
				GCC_WARN_64_TO_32_BIT_CONVERSION = YES;
				GCC_WARN_ABOUT_RETURN_TYPE = YES_ERROR;
				GCC_WARN_UNDECLARED_SELECTOR = YES;
				GCC_WARN_UNINITIALIZED_AUTOS = YES_AGGRESSIVE;
				GCC_WARN_UNUSED_FUNCTION = YES;
				GCC_WARN_UNUSED_VARIABLE = YES;
				IPHONEOS_DEPLOYMENT_TARGET = 11.2;
				MTL_ENABLE_DEBUG_INFO = YES;
				ONLY_ACTIVE_ARCH = YES;
				SDKROOT = iphoneos;
				SWIFT_ACTIVE_COMPILATION_CONDITIONS = DEBUG;
				SWIFT_OPTIMIZATION_LEVEL = "-Onone";
			};
			name = Debug;
		};
		ACBF46EB2093F5FD00317D54 /* Release */ = {
			isa = XCBuildConfiguration;
			buildSettings = {
				ALWAYS_SEARCH_USER_PATHS = NO;
				CLANG_ANALYZER_NONNULL = YES;
				CLANG_ANALYZER_NUMBER_OBJECT_CONVERSION = YES_AGGRESSIVE;
				CLANG_CXX_LANGUAGE_STANDARD = "gnu++14";
				CLANG_CXX_LIBRARY = "libc++";
				CLANG_ENABLE_MODULES = YES;
				CLANG_ENABLE_OBJC_ARC = YES;
				CLANG_WARN_BLOCK_CAPTURE_AUTORELEASING = YES;
				CLANG_WARN_BOOL_CONVERSION = YES;
				CLANG_WARN_COMMA = YES;
				CLANG_WARN_CONSTANT_CONVERSION = YES;
				CLANG_WARN_DIRECT_OBJC_ISA_USAGE = YES_ERROR;
				CLANG_WARN_DOCUMENTATION_COMMENTS = YES;
				CLANG_WARN_EMPTY_BODY = YES;
				CLANG_WARN_ENUM_CONVERSION = YES;
				CLANG_WARN_INFINITE_RECURSION = YES;
				CLANG_WARN_INT_CONVERSION = YES;
				CLANG_WARN_NON_LITERAL_NULL_CONVERSION = YES;
				CLANG_WARN_OBJC_LITERAL_CONVERSION = YES;
				CLANG_WARN_OBJC_ROOT_CLASS = YES_ERROR;
				CLANG_WARN_RANGE_LOOP_ANALYSIS = YES;
				CLANG_WARN_STRICT_PROTOTYPES = YES;
				CLANG_WARN_SUSPICIOUS_MOVE = YES;
				CLANG_WARN_UNGUARDED_AVAILABILITY = YES_AGGRESSIVE;
				CLANG_WARN_UNREACHABLE_CODE = YES;
				CLANG_WARN__DUPLICATE_METHOD_MATCH = YES;
				CODE_SIGN_IDENTITY = "iPhone Developer";
				COPY_PHASE_STRIP = NO;
				DEBUG_INFORMATION_FORMAT = "dwarf-with-dsym";
				ENABLE_NS_ASSERTIONS = NO;
				ENABLE_STRICT_OBJC_MSGSEND = YES;
				GCC_C_LANGUAGE_STANDARD = gnu11;
				GCC_NO_COMMON_BLOCKS = YES;
				GCC_WARN_64_TO_32_BIT_CONVERSION = YES;
				GCC_WARN_ABOUT_RETURN_TYPE = YES_ERROR;
				GCC_WARN_UNDECLARED_SELECTOR = YES;
				GCC_WARN_UNINITIALIZED_AUTOS = YES_AGGRESSIVE;
				GCC_WARN_UNUSED_FUNCTION = YES;
				GCC_WARN_UNUSED_VARIABLE = YES;
				IPHONEOS_DEPLOYMENT_TARGET = 11.2;
				MTL_ENABLE_DEBUG_INFO = NO;
				SDKROOT = iphoneos;
				SWIFT_OPTIMIZATION_LEVEL = "-Owholemodule";
				VALIDATE_PRODUCT = YES;
			};
			name = Release;
		};
		ACBF46ED2093F5FD00317D54 /* Debug */ = {
			isa = XCBuildConfiguration;
			buildSettings = {
				ASSETCATALOG_COMPILER_APPICON_NAME = AppIcon;
				CODE_SIGN_STYLE = Automatic;
				INFOPLIST_FILE = Estudos/Info.plist;
				LD_RUNPATH_SEARCH_PATHS = "$(inherited) @executable_path/Frameworks";
				PRODUCT_BUNDLE_IDENTIFIER = br.com.fiap.Estudos;
				PRODUCT_NAME = "$(TARGET_NAME)";
				SWIFT_VERSION = 4.0;
				TARGETED_DEVICE_FAMILY = "1,2";
			};
			name = Debug;
		};
		ACBF46EE2093F5FD00317D54 /* Release */ = {
			isa = XCBuildConfiguration;
			buildSettings = {
				ASSETCATALOG_COMPILER_APPICON_NAME = AppIcon;
				CODE_SIGN_STYLE = Automatic;
				INFOPLIST_FILE = Estudos/Info.plist;
				LD_RUNPATH_SEARCH_PATHS = "$(inherited) @executable_path/Frameworks";
				PRODUCT_BUNDLE_IDENTIFIER = br.com.fiap.Estudos;
				PRODUCT_NAME = "$(TARGET_NAME)";
				SWIFT_VERSION = 4.0;
				TARGETED_DEVICE_FAMILY = "1,2";
			};
			name = Release;
		};
		ACBF46F02093F5FD00317D54 /* Debug */ = {
			isa = XCBuildConfiguration;
			buildSettings = {
				ALWAYS_EMBED_SWIFT_STANDARD_LIBRARIES = YES;
				BUNDLE_LOADER = "$(TEST_HOST)";
				CODE_SIGN_STYLE = Automatic;
				INFOPLIST_FILE = EstudosTests/Info.plist;
				LD_RUNPATH_SEARCH_PATHS = "$(inherited) @executable_path/Frameworks @loader_path/Frameworks";
				PRODUCT_BUNDLE_IDENTIFIER = br.com.fiap.EstudosTests;
				PRODUCT_NAME = "$(TARGET_NAME)";
				SWIFT_VERSION = 4.0;
				TARGETED_DEVICE_FAMILY = "1,2";
				TEST_HOST = "$(BUILT_PRODUCTS_DIR)/Estudos.app/Estudos";
			};
			name = Debug;
		};
		ACBF46F12093F5FD00317D54 /* Release */ = {
			isa = XCBuildConfiguration;
			buildSettings = {
				ALWAYS_EMBED_SWIFT_STANDARD_LIBRARIES = YES;
				BUNDLE_LOADER = "$(TEST_HOST)";
				CODE_SIGN_STYLE = Automatic;
				INFOPLIST_FILE = EstudosTests/Info.plist;
				LD_RUNPATH_SEARCH_PATHS = "$(inherited) @executable_path/Frameworks @loader_path/Frameworks";
				PRODUCT_BUNDLE_IDENTIFIER = br.com.fiap.EstudosTests;
				PRODUCT_NAME = "$(TARGET_NAME)";
				SWIFT_VERSION = 4.0;
				TARGETED_DEVICE_FAMILY = "1,2";
				TEST_HOST = "$(BUILT_PRODUCTS_DIR)/Estudos.app/Estudos";
			};
			name = Release;
		};
		ACBF46F32093F5FD00317D54 /* Debug */ = {
			isa = XCBuildConfiguration;
			buildSettings = {
				ALWAYS_EMBED_SWIFT_STANDARD_LIBRARIES = YES;
				CODE_SIGN_STYLE = Automatic;
				INFOPLIST_FILE = EstudosUITests/Info.plist;
				LD_RUNPATH_SEARCH_PATHS = "$(inherited) @executable_path/Frameworks @loader_path/Frameworks";
				PRODUCT_BUNDLE_IDENTIFIER = br.com.fiap.EstudosUITests;
				PRODUCT_NAME = "$(TARGET_NAME)";
				SWIFT_VERSION = 4.0;
				TARGETED_DEVICE_FAMILY = "1,2";
				TEST_TARGET_NAME = Estudos;
			};
			name = Debug;
		};
		ACBF46F42093F5FD00317D54 /* Release */ = {
			isa = XCBuildConfiguration;
			buildSettings = {
				ALWAYS_EMBED_SWIFT_STANDARD_LIBRARIES = YES;
				CODE_SIGN_STYLE = Automatic;
				INFOPLIST_FILE = EstudosUITests/Info.plist;
				LD_RUNPATH_SEARCH_PATHS = "$(inherited) @executable_path/Frameworks @loader_path/Frameworks";
				PRODUCT_BUNDLE_IDENTIFIER = br.com.fiap.EstudosUITests;
				PRODUCT_NAME = "$(TARGET_NAME)";
				SWIFT_VERSION = 4.0;
				TARGETED_DEVICE_FAMILY = "1,2";
				TEST_TARGET_NAME = Estudos;
			};
			name = Release;
		};
/* End XCBuildConfiguration section */

/* Begin XCConfigurationList section */
		ACBF46BF2093F5FC00317D54 /* Build configuration list for PBXProject "Estudos" */ = {
			isa = XCConfigurationList;
			buildConfigurations = (
				ACBF46EA2093F5FD00317D54 /* Debug */,
				ACBF46EB2093F5FD00317D54 /* Release */,
			);
			defaultConfigurationIsVisible = 0;
			defaultConfigurationName = Release;
		};
		ACBF46EC2093F5FD00317D54 /* Build configuration list for PBXNativeTarget "Estudos" */ = {
			isa = XCConfigurationList;
			buildConfigurations = (
				ACBF46ED2093F5FD00317D54 /* Debug */,
				ACBF46EE2093F5FD00317D54 /* Release */,
			);
			defaultConfigurationIsVisible = 0;
			defaultConfigurationName = Release;
		};
		ACBF46EF2093F5FD00317D54 /* Build configuration list for PBXNativeTarget "EstudosTests" */ = {
			isa = XCConfigurationList;
			buildConfigurations = (
				ACBF46F02093F5FD00317D54 /* Debug */,
				ACBF46F12093F5FD00317D54 /* Release */,
			);
			defaultConfigurationIsVisible = 0;
			defaultConfigurationName = Release;
		};
		ACBF46F22093F5FD00317D54 /* Build configuration list for PBXNativeTarget "EstudosUITests" */ = {
			isa = XCConfigurationList;
			buildConfigurations = (
				ACBF46F32093F5FD00317D54 /* Debug */,
				ACBF46F42093F5FD00317D54 /* Release */,
			);
			defaultConfigurationIsVisible = 0;
			defaultConfigurationName = Release;
		};
/* End XCConfigurationList section */
	};
	rootObject = ACBF46BC2093F5FC00317D54 /* Project object */;
}
